
Microsoft Visual Studio Solution File, Format Version 9.00
# Visual Studio 2005
Project("{2150E333-8FDC-42A3-9474-1A3956D46DE8}") = "Framework", "Framework", "{F082FE95-B2EB-477D-9689-B5641AD9F5A0}"
EndProject
Project("{8BC9CEB8-8B4A-11D0-8D11-00A0C91BC942}") = "Common", "..\Framework\Common\Common.vcproj", "{BCD1C943-1663-4547-BD54-3021407257A3}"
EndProject
Project("{8BC9CEB8-8B4A-11D0-8D11-00A0C91BC942}") = "System", "..\Framework\System\System.vcproj", "{902F4697-BDEA-4322-9412-8A5E53D2A9AB}"
EndProject
Project("{8BC9CEB8-8B4A-11D0-8D11-00A0C91BC942}") = "TinyXml", "..\Framework\TinyXml\TinyXml.vcproj", "{C13D82D1-DAEA-4D09-B92F-7D58FAE0940A}"
EndProject
Project("{8BC9CEB8-8B4A-11D0-8D11-00A0C91BC942}") = "Registry", "..\Framework\Registry\Registry.vcproj", "{D00DE676-6A89-4699-809C-7EFE8814DA41}"
	ProjectSection(ProjectDependencies) = postProject
		{C13D82D1-DAEA-4D09-B92F-7D58FAE0940A} = {C13D82D1-DAEA-4D09-B92F-7D58FAE0940A}
		{902F4697-BDEA-4322-9412-8A5E53D2A9AB} = {902F4697-BDEA-4322-9412-8A5E53D2A9AB}
		{BCD1C943-1663-4547-BD54-3021407257A3} = {BCD1C943-1663-4547-BD54-3021407257A3}
	EndProjectSection
EndProject
Project("{8BC9CEB8-8B4A-11D0-8D11-00A0C91BC942}") = "FWLoader", "..\Framework\FWLoader\FWLoader.vcproj", "{8053F77B-8002-40C8-9E43-9D3D29DC80CC}"
	ProjectSection(ProjectDependencies) = postProject
		{C13D82D1-DAEA-4D09-B92F-7D58FAE0940A} = {C13D82D1-DAEA-4D09-B92F-7D58FAE0940A}
		{902F4697-BDEA-4322-9412-8A5E53D2A9AB} = {902F4697-BDEA-4322-9412-8A5E53D2A9AB}
		{BCD1C943-1663-4547-BD54-3021407257A3} = {BCD1C943-1663-4547-BD54-3021407257A3}
	EndProjectSection
EndProject
Project("{8BC9CEB8-8B4A-11D0-8D11-00A0C91BC942}") = "ClassFactory", "..\Framework\ClassFactory\ClassFactory.vcproj", "{6AC1FAE5-BA69-417D-AC3E-35BD467C704E}"
	ProjectSection(ProjectDependencies) = postProject
		{902F4697-BDEA-4322-9412-8A5E53D2A9AB} = {902F4697-BDEA-4322-9412-8A5E53D2A9AB}
		{BCD1C943-1663-4547-BD54-3021407257A3} = {BCD1C943-1663-4547-BD54-3021407257A3}
	EndProjectSection
EndProject
Project("{8BC9CEB8-8B4A-11D0-8D11-00A0C91BC942}") = "CmpRegClient", "..\Framework\CmpRegClient\CmpRegClient.vcproj", "{C1CB5C13-9977-4728-BF4A-D404B0D2EC94}"
	ProjectSection(ProjectDependencies) = postProject
		{F84C62F0-10F5-41F1-8F97-E22E3DF6A96A} = {F84C62F0-10F5-41F1-8F97-E22E3DF6A96A}
		{C13D82D1-DAEA-4D09-B92F-7D58FAE0940A} = {C13D82D1-DAEA-4D09-B92F-7D58FAE0940A}
		{902F4697-BDEA-4322-9412-8A5E53D2A9AB} = {902F4697-BDEA-4322-9412-8A5E53D2A9AB}
		{BCD1C943-1663-4547-BD54-3021407257A3} = {BCD1C943-1663-4547-BD54-3021407257A3}
	EndProjectSection
EndProject
Project("{8BC9CEB8-8B4A-11D0-8D11-00A0C91BC942}") = "Registry_lib", "..\Framework\Registry_lib\Registry_lib.vcproj", "{F84C62F0-10F5-41F1-8F97-E22E3DF6A96A}"
EndProject
Project("{8BC9CEB8-8B4A-11D0-8D11-00A0C91BC942}") = "ServiceManager", "..\Framework\ServiceManager\ServiceManager.vcproj", "{6235D7BA-DD27-4A68-98EC-336773B613F8}"
	ProjectSection(ProjectDependencies) = postProject
		{902F4697-BDEA-4322-9412-8A5E53D2A9AB} = {902F4697-BDEA-4322-9412-8A5E53D2A9AB}
		{BCD1C943-1663-4547-BD54-3021407257A3} = {BCD1C943-1663-4547-BD54-3021407257A3}
	EndProjectSection
EndProject
Project("{2150E333-8FDC-42A3-9474-1A3956D46DE8}") = "Terminal", "Terminal", "{BDA68090-7DF5-464F-8A17-888DB92B5D52}"
EndProject
Project("{8BC9CEB8-8B4A-11D0-8D11-00A0C91BC942}") = "ViewManager", "..\Terminal\ViewManager\ViewManager.vcproj", "{1458C1A1-9EE4-40EF-8633-824F19DFDA99}"
	ProjectSection(ProjectDependencies) = postProject
		{902F4697-BDEA-4322-9412-8A5E53D2A9AB} = {902F4697-BDEA-4322-9412-8A5E53D2A9AB}
		{BCD1C943-1663-4547-BD54-3021407257A3} = {BCD1C943-1663-4547-BD54-3021407257A3}
	EndProjectSection
EndProject
Project("{8BC9CEB8-8B4A-11D0-8D11-00A0C91BC942}") = "FlashView", "..\Terminal\FlashView\FlashView.vcproj", "{00983805-B96A-406F-ADF9-106CE9D56FB7}"
	ProjectSection(ProjectDependencies) = postProject
		{BCD1C943-1663-4547-BD54-3021407257A3} = {BCD1C943-1663-4547-BD54-3021407257A3}
		{C13D82D1-DAEA-4D09-B92F-7D58FAE0940A} = {C13D82D1-DAEA-4D09-B92F-7D58FAE0940A}
		{902F4697-BDEA-4322-9412-8A5E53D2A9AB} = {902F4697-BDEA-4322-9412-8A5E53D2A9AB}
	EndProjectSection
EndProject
Project("{2150E333-8FDC-42A3-9474-1A3956D46DE8}") = "Logic", "Logic", "{9420A130-C38B-4EBC-923C-843AFEFF5C9F}"
EndProject
Project("{8BC9CEB8-8B4A-11D0-8D11-00A0C91BC942}") = "MainService", "MainService\MainService.vcproj", "{A1DB49E3-1681-4402-8861-16EFB7C71EB0}"
	ProjectSection(ProjectDependencies) = postProject
		{BCD1C943-1663-4547-BD54-3021407257A3} = {BCD1C943-1663-4547-BD54-3021407257A3}
		{C13D82D1-DAEA-4D09-B92F-7D58FAE0940A} = {C13D82D1-DAEA-4D09-B92F-7D58FAE0940A}
		{902F4697-BDEA-4322-9412-8A5E53D2A9AB} = {902F4697-BDEA-4322-9412-8A5E53D2A9AB}
	EndProjectSection
EndProject
Project("{8BC9CEB8-8B4A-11D0-8D11-00A0C91BC942}") = "MainDataSrc", "MainDataSrc\MainDataSrc.vcproj", "{4F3AF778-F498-4738-9D54-E9C5C4994606}"
	ProjectSection(ProjectDependencies) = postProject
		{BCD1C943-1663-4547-BD54-3021407257A3} = {BCD1C943-1663-4547-BD54-3021407257A3}
		{902F4697-BDEA-4322-9412-8A5E53D2A9AB} = {902F4697-BDEA-4322-9412-8A5E53D2A9AB}
	EndProjectSection
EndProject
Project("{8BC9CEB8-8B4A-11D0-8D11-00A0C91BC942}") = "MainView", "MainView\MainView.vcproj", "{35CAC87C-B4BC-4DAA-892D-A789F768265D}"
	ProjectSection(ProjectDependencies) = postProject
		{902F4697-BDEA-4322-9412-8A5E53D2A9AB} = {902F4697-BDEA-4322-9412-8A5E53D2A9AB}
		{BCD1C943-1663-4547-BD54-3021407257A3} = {BCD1C943-1663-4547-BD54-3021407257A3}
	EndProjectSection
EndProject
Project("{8BC9CEB8-8B4A-11D0-8D11-00A0C91BC942}") = "ControlCenter", "..\Terminal\ControlCenter\ControlCenter.vcproj", "{1622440F-BC73-43F6-BAC6-5B41127077B5}"
	ProjectSection(ProjectDependencies) = postProject
		{BCD1C943-1663-4547-BD54-3021407257A3} = {BCD1C943-1663-4547-BD54-3021407257A3}
		{902F4697-BDEA-4322-9412-8A5E53D2A9AB} = {902F4697-BDEA-4322-9412-8A5E53D2A9AB}
	EndProjectSection
EndProject
Project("{8BC9CEB8-8B4A-11D0-8D11-00A0C91BC942}") = "OGLUI", "..\Framework\OGLUI\OGLUI.vcproj", "{D9E65C8D-0113-4AFC-B5BD-082F8137415C}"
EndProject
Global
	GlobalSection(SolutionConfigurationPlatforms) = preSolution
		Debug|Win32 = Debug|Win32
		Release|Win32 = Release|Win32
	EndGlobalSection
	GlobalSection(ProjectConfigurationPlatforms) = postSolution
		{BCD1C943-1663-4547-BD54-3021407257A3}.Debug|Win32.ActiveCfg = Debug|Win32
		{BCD1C943-1663-4547-BD54-3021407257A3}.Debug|Win32.Build.0 = Debug|Win32
		{BCD1C943-1663-4547-BD54-3021407257A3}.Release|Win32.ActiveCfg = Release|Win32
		{BCD1C943-1663-4547-BD54-3021407257A3}.Release|Win32.Build.0 = Release|Win32
		{902F4697-BDEA-4322-9412-8A5E53D2A9AB}.Debug|Win32.ActiveCfg = Debug|Win32
		{902F4697-BDEA-4322-9412-8A5E53D2A9AB}.Debug|Win32.Build.0 = Debug|Win32
		{902F4697-BDEA-4322-9412-8A5E53D2A9AB}.Release|Win32.ActiveCfg = Release|Win32
		{902F4697-BDEA-4322-9412-8A5E53D2A9AB}.Release|Win32.Build.0 = Release|Win32
		{C13D82D1-DAEA-4D09-B92F-7D58FAE0940A}.Debug|Win32.ActiveCfg = Debug|Win32
		{C13D82D1-DAEA-4D09-B92F-7D58FAE0940A}.Debug|Win32.Build.0 = Debug|Win32
		{C13D82D1-DAEA-4D09-B92F-7D58FAE0940A}.Release|Win32.ActiveCfg = Release|Win32
		{C13D82D1-DAEA-4D09-B92F-7D58FAE0940A}.Release|Win32.Build.0 = Release|Win32
		{D00DE676-6A89-4699-809C-7EFE8814DA41}.Debug|Win32.ActiveCfg = Debug|Win32
		{D00DE676-6A89-4699-809C-7EFE8814DA41}.Debug|Win32.Build.0 = Debug|Win32
		{D00DE676-6A89-4699-809C-7EFE8814DA41}.Release|Win32.ActiveCfg = Release|Win32
		{D00DE676-6A89-4699-809C-7EFE8814DA41}.Release|Win32.Build.0 = Release|Win32
		{8053F77B-8002-40C8-9E43-9D3D29DC80CC}.Debug|Win32.ActiveCfg = Debug|Win32
		{8053F77B-8002-40C8-9E43-9D3D29DC80CC}.Debug|Win32.Build.0 = Debug|Win32
		{8053F77B-8002-40C8-9E43-9D3D29DC80CC}.Release|Win32.ActiveCfg = Release|Win32
		{8053F77B-8002-40C8-9E43-9D3D29DC80CC}.Release|Win32.Build.0 = Release|Win32
		{6AC1FAE5-BA69-417D-AC3E-35BD467C704E}.Debug|Win32.ActiveCfg = Debug|Win32
		{6AC1FAE5-BA69-417D-AC3E-35BD467C704E}.Debug|Win32.Build.0 = Debug|Win32
		{6AC1FAE5-BA69-417D-AC3E-35BD467C704E}.Release|Win32.ActiveCfg = Release|Win32
		{6AC1FAE5-BA69-417D-AC3E-35BD467C704E}.Release|Win32.Build.0 = Release|Win32
		{C1CB5C13-9977-4728-BF4A-D404B0D2EC94}.Debug|Win32.ActiveCfg = Debug|Win32
		{C1CB5C13-9977-4728-BF4A-D404B0D2EC94}.Debug|Win32.Build.0 = Debug|Win32
		{C1CB5C13-9977-4728-BF4A-D404B0D2EC94}.Release|Win32.ActiveCfg = Release|Win32
		{C1CB5C13-9977-4728-BF4A-D404B0D2EC94}.Release|Win32.Build.0 = Release|Win32
		{F84C62F0-10F5-41F1-8F97-E22E3DF6A96A}.Debug|Win32.ActiveCfg = Debug|Win32
		{F84C62F0-10F5-41F1-8F97-E22E3DF6A96A}.Debug|Win32.Build.0 = Debug|Win32
		{F84C62F0-10F5-41F1-8F97-E22E3DF6A96A}.Release|Win32.ActiveCfg = Release|Win32
		{F84C62F0-10F5-41F1-8F97-E22E3DF6A96A}.Release|Win32.Build.0 = Release|Win32
		{6235D7BA-DD27-4A68-98EC-336773B613F8}.Debug|Win32.ActiveCfg = Debug|Win32
		{6235D7BA-DD27-4A68-98EC-336773B613F8}.Debug|Win32.Build.0 = Debug|Win32
		{6235D7BA-DD27-4A68-98EC-336773B613F8}.Release|Win32.ActiveCfg = Release|Win32
		{6235D7BA-DD27-4A68-98EC-336773B613F8}.Release|Win32.Build.0 = Release|Win32
		{1458C1A1-9EE4-40EF-8633-824F19DFDA99}.Debug|Win32.ActiveCfg = Debug|Win32
		{1458C1A1-9EE4-40EF-8633-824F19DFDA99}.Debug|Win32.Build.0 = Debug|Win32
		{1458C1A1-9EE4-40EF-8633-824F19DFDA99}.Release|Win32.ActiveCfg = Release|Win32
		{1458C1A1-9EE4-40EF-8633-824F19DFDA99}.Release|Win32.Build.0 = Release|Win32
		{00983805-B96A-406F-ADF9-106CE9D56FB7}.Debug|Win32.ActiveCfg = Debug|Win32
		{00983805-B96A-406F-ADF9-106CE9D56FB7}.Debug|Win32.Build.0 = Debug|Win32
		{00983805-B96A-406F-ADF9-106CE9D56FB7}.Release|Win32.ActiveCfg = Release|Win32
		{00983805-B96A-406F-ADF9-106CE9D56FB7}.Release|Win32.Build.0 = Release|Win32
		{A1DB49E3-1681-4402-8861-16EFB7C71EB0}.Debug|Win32.ActiveCfg = Debug|Win32
		{A1DB49E3-1681-4402-8861-16EFB7C71EB0}.Debug|Win32.Build.0 = Debug|Win32
		{A1DB49E3-1681-4402-8861-16EFB7C71EB0}.Release|Win32.ActiveCfg = Release|Win32
		{A1DB49E3-1681-4402-8861-16EFB7C71EB0}.Release|Win32.Build.0 = Release|Win32
		{4F3AF778-F498-4738-9D54-E9C5C4994606}.Debug|Win32.ActiveCfg = Debug|Win32
		{4F3AF778-F498-4738-9D54-E9C5C4994606}.Debug|Win32.Build.0 = Debug|Win32
		{4F3AF778-F498-4738-9D54-E9C5C4994606}.Release|Win32.ActiveCfg = Release|Win32
		{4F3AF778-F498-4738-9D54-E9C5C4994606}.Release|Win32.Build.0 = Release|Win32
		{35CAC87C-B4BC-4DAA-892D-A789F768265D}.Debug|Win32.ActiveCfg = Debug|Win32
		{35CAC87C-B4BC-4DAA-892D-A789F768265D}.Debug|Win32.Build.0 = Debug|Win32
		{35CAC87C-B4BC-4DAA-892D-A789F768265D}.Release|Win32.ActiveCfg = Release|Win32
		{35CAC87C-B4BC-4DAA-892D-A789F768265D}.Release|Win32.Build.0 = Release|Win32
		{1622440F-BC73-43F6-BAC6-5B41127077B5}.Debug|Win32.ActiveCfg = Debug|Win32
		{1622440F-BC73-43F6-BAC6-5B41127077B5}.Debug|Win32.Build.0 = Debug|Win32
		{1622440F-BC73-43F6-BAC6-5B41127077B5}.Release|Win32.ActiveCfg = Release|Win32
		{1622440F-BC73-43F6-BAC6-5B41127077B5}.Release|Win32.Build.0 = Release|Win32
		{D9E65C8D-0113-4AFC-B5BD-082F8137415C}.Debug|Win32.ActiveCfg = Debug|Win32
		{D9E65C8D-0113-4AFC-B5BD-082F8137415C}.Debug|Win32.Build.0 = Debug|Win32
		{D9E65C8D-0113-4AFC-B5BD-082F8137415C}.Release|Win32.ActiveCfg = Release|Win32
		{D9E65C8D-0113-4AFC-B5BD-082F8137415C}.Release|Win32.Build.0 = Release|Win32
	EndGlobalSection
	GlobalSection(SolutionProperties) = preSolution
		HideSolutionNode = FALSE
	EndGlobalSection
	GlobalSection(NestedProjects) = preSolution
		{BCD1C943-1663-4547-BD54-3021407257A3} = {F082FE95-B2EB-477D-9689-B5641AD9F5A0}
		{902F4697-BDEA-4322-9412-8A5E53D2A9AB} = {F082FE95-B2EB-477D-9689-B5641AD9F5A0}
		{C13D82D1-DAEA-4D09-B92F-7D58FAE0940A} = {F082FE95-B2EB-477D-9689-B5641AD9F5A0}
		{D00DE676-6A89-4699-809C-7EFE8814DA41} = {F082FE95-B2EB-477D-9689-B5641AD9F5A0}
		{8053F77B-8002-40C8-9E43-9D3D29DC80CC} = {F082FE95-B2EB-477D-9689-B5641AD9F5A0}
		{6AC1FAE5-BA69-417D-AC3E-35BD467C704E} = {F082FE95-B2EB-477D-9689-B5641AD9F5A0}
		{C1CB5C13-9977-4728-BF4A-D404B0D2EC94} = {F082FE95-B2EB-477D-9689-B5641AD9F5A0}
		{F84C62F0-10F5-41F1-8F97-E22E3DF6A96A} = {F082FE95-B2EB-477D-9689-B5641AD9F5A0}
		{6235D7BA-DD27-4A68-98EC-336773B613F8} = {F082FE95-B2EB-477D-9689-B5641AD9F5A0}
		{D9E65C8D-0113-4AFC-B5BD-082F8137415C} = {F082FE95-B2EB-477D-9689-B5641AD9F5A0}
		{1458C1A1-9EE4-40EF-8633-824F19DFDA99} = {BDA68090-7DF5-464F-8A17-888DB92B5D52}
		{00983805-B96A-406F-ADF9-106CE9D56FB7} = {BDA68090-7DF5-464F-8A17-888DB92B5D52}
		{1622440F-BC73-43F6-BAC6-5B41127077B5} = {BDA68090-7DF5-464F-8A17-888DB92B5D52}
		{A1DB49E3-1681-4402-8861-16EFB7C71EB0} = {9420A130-C38B-4EBC-923C-843AFEFF5C9F}
		{4F3AF778-F498-4738-9D54-E9C5C4994606} = {9420A130-C38B-4EBC-923C-843AFEFF5C9F}
		{35CAC87C-B4BC-4DAA-892D-A789F768265D} = {9420A130-C38B-4EBC-923C-843AFEFF5C9F}
	EndGlobalSection
EndGlobal
