
Microsoft Visual Studio Solution File, Format Version 9.00
# Visual Studio 2005
Project("{8BC9CEB8-8B4A-11D0-8D11-00A0C91BC942}") = "ViewManager", "ViewManager\ViewManager.vcproj", "{1458C1A1-9EE4-40EF-8633-824F19DFDA99}"
	ProjectSection(ProjectDependencies) = postProject
		{BCD1C943-1663-4547-BD54-3021407257A3} = {BCD1C943-1663-4547-BD54-3021407257A3}
		{902F4697-BDEA-4322-9412-8A5E53D2A9AB} = {902F4697-BDEA-4322-9412-8A5E53D2A9AB}
	EndProjectSection
EndProject
Project("{2150E333-8FDC-42A3-9474-1A3956D46DE8}") = "Framework", "Framework", "{CC421BBC-3831-48F5-BFE3-867E04BB34BA}"
EndProject
Project("{8BC9CEB8-8B4A-11D0-8D11-00A0C91BC942}") = "Common", "..\Framework\Common\Common.vcproj", "{BCD1C943-1663-4547-BD54-3021407257A3}"
EndProject
Project("{8BC9CEB8-8B4A-11D0-8D11-00A0C91BC942}") = "System", "..\Framework\System\System.vcproj", "{902F4697-BDEA-4322-9412-8A5E53D2A9AB}"
EndProject
Project("{8BC9CEB8-8B4A-11D0-8D11-00A0C91BC942}") = "TinyXml", "..\Framework\TinyXml\TinyXml.vcproj", "{C13D82D1-DAEA-4D09-B92F-7D58FAE0940A}"
EndProject
Project("{8BC9CEB8-8B4A-11D0-8D11-00A0C91BC942}") = "Registry", "..\Framework\Registry\Registry.vcproj", "{D00DE676-6A89-4699-809C-7EFE8814DA41}"
	ProjectSection(ProjectDependencies) = postProject
		{BCD1C943-1663-4547-BD54-3021407257A3} = {BCD1C943-1663-4547-BD54-3021407257A3}
		{902F4697-BDEA-4322-9412-8A5E53D2A9AB} = {902F4697-BDEA-4322-9412-8A5E53D2A9AB}
		{C13D82D1-DAEA-4D09-B92F-7D58FAE0940A} = {C13D82D1-DAEA-4D09-B92F-7D58FAE0940A}
	EndProjectSection
EndProject
Project("{8BC9CEB8-8B4A-11D0-8D11-00A0C91BC942}") = "FWLoader", "..\Framework\FWLoader\FWLoader.vcproj", "{8053F77B-8002-40C8-9E43-9D3D29DC80CC}"
	ProjectSection(ProjectDependencies) = postProject
		{BCD1C943-1663-4547-BD54-3021407257A3} = {BCD1C943-1663-4547-BD54-3021407257A3}
		{902F4697-BDEA-4322-9412-8A5E53D2A9AB} = {902F4697-BDEA-4322-9412-8A5E53D2A9AB}
		{C13D82D1-DAEA-4D09-B92F-7D58FAE0940A} = {C13D82D1-DAEA-4D09-B92F-7D58FAE0940A}
	EndProjectSection
EndProject
Project("{8BC9CEB8-8B4A-11D0-8D11-00A0C91BC942}") = "ClassFactory", "..\Framework\ClassFactory\ClassFactory.vcproj", "{6AC1FAE5-BA69-417D-AC3E-35BD467C704E}"
	ProjectSection(ProjectDependencies) = postProject
		{BCD1C943-1663-4547-BD54-3021407257A3} = {BCD1C943-1663-4547-BD54-3021407257A3}
		{902F4697-BDEA-4322-9412-8A5E53D2A9AB} = {902F4697-BDEA-4322-9412-8A5E53D2A9AB}
	EndProjectSection
EndProject
Project("{8BC9CEB8-8B4A-11D0-8D11-00A0C91BC942}") = "CmpRegClient", "..\Framework\CmpRegClient\CmpRegClient.vcproj", "{C1CB5C13-9977-4728-BF4A-D404B0D2EC94}"
	ProjectSection(ProjectDependencies) = postProject
		{BCD1C943-1663-4547-BD54-3021407257A3} = {BCD1C943-1663-4547-BD54-3021407257A3}
		{902F4697-BDEA-4322-9412-8A5E53D2A9AB} = {902F4697-BDEA-4322-9412-8A5E53D2A9AB}
		{C13D82D1-DAEA-4D09-B92F-7D58FAE0940A} = {C13D82D1-DAEA-4D09-B92F-7D58FAE0940A}
		{F84C62F0-10F5-41F1-8F97-E22E3DF6A96A} = {F84C62F0-10F5-41F1-8F97-E22E3DF6A96A}
	EndProjectSection
EndProject
Project("{8BC9CEB8-8B4A-11D0-8D11-00A0C91BC942}") = "Registry_lib", "..\Framework\Registry_lib\Registry_lib.vcproj", "{F84C62F0-10F5-41F1-8F97-E22E3DF6A96A}"
EndProject
Project("{8BC9CEB8-8B4A-11D0-8D11-00A0C91BC942}") = "ServiceManager", "..\Framework\ServiceManager\ServiceManager.vcproj", "{6235D7BA-DD27-4A68-98EC-336773B613F8}"
	ProjectSection(ProjectDependencies) = postProject
		{BCD1C943-1663-4547-BD54-3021407257A3} = {BCD1C943-1663-4547-BD54-3021407257A3}
		{902F4697-BDEA-4322-9412-8A5E53D2A9AB} = {902F4697-BDEA-4322-9412-8A5E53D2A9AB}
	EndProjectSection
EndProject
Project("{8BC9CEB8-8B4A-11D0-8D11-00A0C91BC942}") = "FlashView", "FlashView\FlashView.vcproj", "{00983805-B96A-406F-ADF9-106CE9D56FB7}"
	ProjectSection(ProjectDependencies) = postProject
		{BCD1C943-1663-4547-BD54-3021407257A3} = {BCD1C943-1663-4547-BD54-3021407257A3}
		{C13D82D1-DAEA-4D09-B92F-7D58FAE0940A} = {C13D82D1-DAEA-4D09-B92F-7D58FAE0940A}
		{902F4697-BDEA-4322-9412-8A5E53D2A9AB} = {902F4697-BDEA-4322-9412-8A5E53D2A9AB}
	EndProjectSection
EndProject
Project("{2150E333-8FDC-42A3-9474-1A3956D46DE8}") = "Terminal", "Terminal", "{89541DBF-506F-4548-BB15-06672AB3B637}"
EndProject
Global
	GlobalSection(SolutionConfigurationPlatforms) = preSolution
		Debug|Win32 = Debug|Win32
		Release|Win32 = Release|Win32
	EndGlobalSection
	GlobalSection(ProjectConfigurationPlatforms) = postSolution
		{1458C1A1-9EE4-40EF-8633-824F19DFDA99}.Debug|Win32.ActiveCfg = Debug|Win32
		{1458C1A1-9EE4-40EF-8633-824F19DFDA99}.Debug|Win32.Build.0 = Debug|Win32
		{1458C1A1-9EE4-40EF-8633-824F19DFDA99}.Release|Win32.ActiveCfg = Release|Win32
		{1458C1A1-9EE4-40EF-8633-824F19DFDA99}.Release|Win32.Build.0 = Release|Win32
		{BCD1C943-1663-4547-BD54-3021407257A3}.Debug|Win32.ActiveCfg = Debug|Win32
		{BCD1C943-1663-4547-BD54-3021407257A3}.Debug|Win32.Build.0 = Debug|Win32
		{BCD1C943-1663-4547-BD54-3021407257A3}.Release|Win32.ActiveCfg = Release|Win32
		{BCD1C943-1663-4547-BD54-3021407257A3}.Release|Win32.Build.0 = Release|Win32
		{902F4697-BDEA-4322-9412-8A5E53D2A9AB}.Debug|Win32.ActiveCfg = Debug|Win32
		{902F4697-BDEA-4322-9412-8A5E53D2A9AB}.Debug|Win32.Build.0 = Debug|Win32
		{902F4697-BDEA-4322-9412-8A5E53D2A9AB}.Release|Win32.ActiveCfg = Release|Win32
		{902F4697-BDEA-4322-9412-8A5E53D2A9AB}.Release|Win32.Build.0 = Release|Win32
		{C13D82D1-DAEA-4D09-B92F-7D58FAE0940A}.Debug|Win32.ActiveCfg = Debug|Win32
		{C13D82D1-DAEA-4D09-B92F-7D58FAE0940A}.Debug|Win32.Build.0 = Debug|Win32
		{C13D82D1-DAEA-4D09-B92F-7D58FAE0940A}.Release|Win32.ActiveCfg = Release|Win32
		{C13D82D1-DAEA-4D09-B92F-7D58FAE0940A}.Release|Win32.Build.0 = Release|Win32
		{D00DE676-6A89-4699-809C-7EFE8814DA41}.Debug|Win32.ActiveCfg = Debug|Win32
		{D00DE676-6A89-4699-809C-7EFE8814DA41}.Debug|Win32.Build.0 = Debug|Win32
		{D00DE676-6A89-4699-809C-7EFE8814DA41}.Release|Win32.ActiveCfg = Release|Win32
		{D00DE676-6A89-4699-809C-7EFE8814DA41}.Release|Win32.Build.0 = Release|Win32
		{8053F77B-8002-40C8-9E43-9D3D29DC80CC}.Debug|Win32.ActiveCfg = Debug|Win32
		{8053F77B-8002-40C8-9E43-9D3D29DC80CC}.Debug|Win32.Build.0 = Debug|Win32
		{8053F77B-8002-40C8-9E43-9D3D29DC80CC}.Release|Win32.ActiveCfg = Release|Win32
		{8053F77B-8002-40C8-9E43-9D3D29DC80CC}.Release|Win32.Build.0 = Release|Win32
		{6AC1FAE5-BA69-417D-AC3E-35BD467C704E}.Debug|Win32.ActiveCfg = Debug|Win32
		{6AC1FAE5-BA69-417D-AC3E-35BD467C704E}.Debug|Win32.Build.0 = Debug|Win32
		{6AC1FAE5-BA69-417D-AC3E-35BD467C704E}.Release|Win32.ActiveCfg = Release|Win32
		{6AC1FAE5-BA69-417D-AC3E-35BD467C704E}.Release|Win32.Build.0 = Release|Win32
		{C1CB5C13-9977-4728-BF4A-D404B0D2EC94}.Debug|Win32.ActiveCfg = Debug|Win32
		{C1CB5C13-9977-4728-BF4A-D404B0D2EC94}.Debug|Win32.Build.0 = Debug|Win32
		{C1CB5C13-9977-4728-BF4A-D404B0D2EC94}.Release|Win32.ActiveCfg = Release|Win32
		{C1CB5C13-9977-4728-BF4A-D404B0D2EC94}.Release|Win32.Build.0 = Release|Win32
		{F84C62F0-10F5-41F1-8F97-E22E3DF6A96A}.Debug|Win32.ActiveCfg = Debug|Win32
		{F84C62F0-10F5-41F1-8F97-E22E3DF6A96A}.Debug|Win32.Build.0 = Debug|Win32
		{F84C62F0-10F5-41F1-8F97-E22E3DF6A96A}.Release|Win32.ActiveCfg = Release|Win32
		{F84C62F0-10F5-41F1-8F97-E22E3DF6A96A}.Release|Win32.Build.0 = Release|Win32
		{6235D7BA-DD27-4A68-98EC-336773B613F8}.Debug|Win32.ActiveCfg = Debug|Win32
		{6235D7BA-DD27-4A68-98EC-336773B613F8}.Debug|Win32.Build.0 = Debug|Win32
		{6235D7BA-DD27-4A68-98EC-336773B613F8}.Release|Win32.ActiveCfg = Release|Win32
		{6235D7BA-DD27-4A68-98EC-336773B613F8}.Release|Win32.Build.0 = Release|Win32
		{00983805-B96A-406F-ADF9-106CE9D56FB7}.Debug|Win32.ActiveCfg = Debug|Win32
		{00983805-B96A-406F-ADF9-106CE9D56FB7}.Debug|Win32.Build.0 = Debug|Win32
		{00983805-B96A-406F-ADF9-106CE9D56FB7}.Release|Win32.ActiveCfg = Release|Win32
		{00983805-B96A-406F-ADF9-106CE9D56FB7}.Release|Win32.Build.0 = Release|Win32
	EndGlobalSection
	GlobalSection(SolutionProperties) = preSolution
		HideSolutionNode = FALSE
	EndGlobalSection
	GlobalSection(NestedProjects) = preSolution
		{00983805-B96A-406F-ADF9-106CE9D56FB7} = {89541DBF-506F-4548-BB15-06672AB3B637}
		{1458C1A1-9EE4-40EF-8633-824F19DFDA99} = {89541DBF-506F-4548-BB15-06672AB3B637}
		{BCD1C943-1663-4547-BD54-3021407257A3} = {CC421BBC-3831-48F5-BFE3-867E04BB34BA}
		{902F4697-BDEA-4322-9412-8A5E53D2A9AB} = {CC421BBC-3831-48F5-BFE3-867E04BB34BA}
		{C13D82D1-DAEA-4D09-B92F-7D58FAE0940A} = {CC421BBC-3831-48F5-BFE3-867E04BB34BA}
		{D00DE676-6A89-4699-809C-7EFE8814DA41} = {CC421BBC-3831-48F5-BFE3-867E04BB34BA}
		{8053F77B-8002-40C8-9E43-9D3D29DC80CC} = {CC421BBC-3831-48F5-BFE3-867E04BB34BA}
		{6AC1FAE5-BA69-417D-AC3E-35BD467C704E} = {CC421BBC-3831-48F5-BFE3-867E04BB34BA}
		{C1CB5C13-9977-4728-BF4A-D404B0D2EC94} = {CC421BBC-3831-48F5-BFE3-867E04BB34BA}
		{F84C62F0-10F5-41F1-8F97-E22E3DF6A96A} = {CC421BBC-3831-48F5-BFE3-867E04BB34BA}
		{6235D7BA-DD27-4A68-98EC-336773B613F8} = {CC421BBC-3831-48F5-BFE3-867E04BB34BA}
	EndGlobalSection
EndGlobal
