
Microsoft Visual Studio Solution File, Format Version 9.00
# Visual Studio 2005
Project("{8BC9CEB8-8B4A-11D0-8D11-00A0C91BC942}") = "MainService", "MainService\MainService.vcproj", "{A1DB49E3-1681-4402-8861-16EFB7C71EB0}"
	ProjectSection(ProjectDependencies) = postProject
		{BCD1C943-1663-4547-BD54-3021407257A3} = {BCD1C943-1663-4547-BD54-3021407257A3}
		{902F4697-BDEA-4322-9412-8A5E53D2A9AB} = {902F4697-BDEA-4322-9412-8A5E53D2A9AB}
	EndProjectSection
EndProject
Project("{2150E333-8FDC-42A3-9474-1A3956D46DE8}") = "Framework", "Framework", "{F082FE95-B2EB-477D-9689-B5641AD9F5A0}"
EndProject
Project("{8BC9CEB8-8B4A-11D0-8D11-00A0C91BC942}") = "Common", "..\Framework\Common\Common.vcproj", "{BCD1C943-1663-4547-BD54-3021407257A3}"
EndProject
Project("{8BC9CEB8-8B4A-11D0-8D11-00A0C91BC942}") = "System", "..\Framework\System\System.vcproj", "{902F4697-BDEA-4322-9412-8A5E53D2A9AB}"
EndProject
Project("{8BC9CEB8-8B4A-11D0-8D11-00A0C91BC942}") = "TinyXml", "..\Framework\TinyXml\TinyXml.vcproj", "{C13D82D1-DAEA-4D09-B92F-7D58FAE0940A}"
EndProject
Project("{8BC9CEB8-8B4A-11D0-8D11-00A0C91BC942}") = "Registry", "..\Framework\Registry\Registry.vcproj", "{D00DE676-6A89-4699-809C-7EFE8814DA41}"
	ProjectSection(ProjectDependencies) = postProject
		{BCD1C943-1663-4547-BD54-3021407257A3} = {BCD1C943-1663-4547-BD54-3021407257A3}
		{902F4697-BDEA-4322-9412-8A5E53D2A9AB} = {902F4697-BDEA-4322-9412-8A5E53D2A9AB}
		{C13D82D1-DAEA-4D09-B92F-7D58FAE0940A} = {C13D82D1-DAEA-4D09-B92F-7D58FAE0940A}
	EndProjectSection
EndProject
Project("{8BC9CEB8-8B4A-11D0-8D11-00A0C91BC942}") = "FWLoader", "..\Framework\FWLoader\FWLoader.vcproj", "{8053F77B-8002-40C8-9E43-9D3D29DC80CC}"
	ProjectSection(ProjectDependencies) = postProject
		{BCD1C943-1663-4547-BD54-3021407257A3} = {BCD1C943-1663-4547-BD54-3021407257A3}
		{902F4697-BDEA-4322-9412-8A5E53D2A9AB} = {902F4697-BDEA-4322-9412-8A5E53D2A9AB}
		{C13D82D1-DAEA-4D09-B92F-7D58FAE0940A} = {C13D82D1-DAEA-4D09-B92F-7D58FAE0940A}
	EndProjectSection
EndProject
Project("{8BC9CEB8-8B4A-11D0-8D11-00A0C91BC942}") = "Tools", "..\Framework\Tools\Tools.vcproj", "{D12CBBD9-77B0-4CC3-B75F-55DAF15A9F86}"
	ProjectSection(ProjectDependencies) = postProject
		{BCD1C943-1663-4547-BD54-3021407257A3} = {BCD1C943-1663-4547-BD54-3021407257A3}
		{902F4697-BDEA-4322-9412-8A5E53D2A9AB} = {902F4697-BDEA-4322-9412-8A5E53D2A9AB}
	EndProjectSection
EndProject
Project("{8BC9CEB8-8B4A-11D0-8D11-00A0C91BC942}") = "ClassFactory", "..\Framework\ClassFactory\ClassFactory.vcproj", "{6AC1FAE5-BA69-417D-AC3E-35BD467C704E}"
	ProjectSection(ProjectDependencies) = postProject
		{BCD1C943-1663-4547-BD54-3021407257A3} = {BCD1C943-1663-4547-BD54-3021407257A3}
		{902F4697-BDEA-4322-9412-8A5E53D2A9AB} = {902F4697-BDEA-4322-9412-8A5E53D2A9AB}
	EndProjectSection
EndProject
Project("{8BC9CEB8-8B4A-11D0-8D11-00A0C91BC942}") = "CmpRegClient", "..\Framework\CmpRegClient\CmpRegClient.vcproj", "{C1CB5C13-9977-4728-BF4A-D404B0D2EC94}"
	ProjectSection(ProjectDependencies) = postProject
		{BCD1C943-1663-4547-BD54-3021407257A3} = {BCD1C943-1663-4547-BD54-3021407257A3}
		{902F4697-BDEA-4322-9412-8A5E53D2A9AB} = {902F4697-BDEA-4322-9412-8A5E53D2A9AB}
		{C13D82D1-DAEA-4D09-B92F-7D58FAE0940A} = {C13D82D1-DAEA-4D09-B92F-7D58FAE0940A}
		{F84C62F0-10F5-41F1-8F97-E22E3DF6A96A} = {F84C62F0-10F5-41F1-8F97-E22E3DF6A96A}
	EndProjectSection
EndProject
Project("{8BC9CEB8-8B4A-11D0-8D11-00A0C91BC942}") = "Registry_lib", "..\Framework\Registry_lib\Registry_lib.vcproj", "{F84C62F0-10F5-41F1-8F97-E22E3DF6A96A}"
EndProject
Project("{8BC9CEB8-8B4A-11D0-8D11-00A0C91BC942}") = "ServiceManager", "..\Framework\ServiceManager\ServiceManager.vcproj", "{6235D7BA-DD27-4A68-98EC-336773B613F8}"
	ProjectSection(ProjectDependencies) = postProject
		{BCD1C943-1663-4547-BD54-3021407257A3} = {BCD1C943-1663-4547-BD54-3021407257A3}
		{902F4697-BDEA-4322-9412-8A5E53D2A9AB} = {902F4697-BDEA-4322-9412-8A5E53D2A9AB}
	EndProjectSection
EndProject
Project("{8BC9CEB8-8B4A-11D0-8D11-00A0C91BC942}") = "TestService", "..\Framework\TestService\TestService.vcproj", "{6E0DAEB4-C3CE-49AE-8BE1-DD0DAB8A3952}"
	ProjectSection(ProjectDependencies) = postProject
		{BCD1C943-1663-4547-BD54-3021407257A3} = {BCD1C943-1663-4547-BD54-3021407257A3}
		{902F4697-BDEA-4322-9412-8A5E53D2A9AB} = {902F4697-BDEA-4322-9412-8A5E53D2A9AB}
	EndProjectSection
EndProject
Project("{8BC9CEB8-8B4A-11D0-8D11-00A0C91BC942}") = "TestService1", "..\Framework\TestService1\TestService1.vcproj", "{175E1B9E-22B8-4F15-AD83-E29234327D92}"
	ProjectSection(ProjectDependencies) = postProject
		{BCD1C943-1663-4547-BD54-3021407257A3} = {BCD1C943-1663-4547-BD54-3021407257A3}
		{902F4697-BDEA-4322-9412-8A5E53D2A9AB} = {902F4697-BDEA-4322-9412-8A5E53D2A9AB}
	EndProjectSection
EndProject
Project("{8BC9CEB8-8B4A-11D0-8D11-00A0C91BC942}") = "TestService2", "..\Framework\TestService2\TestService2.vcproj", "{4169FC2E-E891-493B-B2EC-B3D538B43DDB}"
	ProjectSection(ProjectDependencies) = postProject
		{BCD1C943-1663-4547-BD54-3021407257A3} = {BCD1C943-1663-4547-BD54-3021407257A3}
		{902F4697-BDEA-4322-9412-8A5E53D2A9AB} = {902F4697-BDEA-4322-9412-8A5E53D2A9AB}
	EndProjectSection
EndProject
Project("{2150E333-8FDC-42A3-9474-1A3956D46DE8}") = "FWExtensions", "FWExtensions", "{61C0AAAC-8153-413F-92B5-67EDC527CED5}"
EndProject
Project("{8BC9CEB8-8B4A-11D0-8D11-00A0C91BC942}") = "ViewManager", "..\FWExtensions\ViewManager\ViewManager.vcproj", "{1458C1A1-9EE4-40EF-8633-824F19DFDA99}"
	ProjectSection(ProjectDependencies) = postProject
		{BCD1C943-1663-4547-BD54-3021407257A3} = {BCD1C943-1663-4547-BD54-3021407257A3}
		{902F4697-BDEA-4322-9412-8A5E53D2A9AB} = {902F4697-BDEA-4322-9412-8A5E53D2A9AB}
	EndProjectSection
EndProject
Global
	GlobalSection(SolutionConfigurationPlatforms) = preSolution
		Debug|Win32 = Debug|Win32
		Release|Win32 = Release|Win32
	EndGlobalSection
	GlobalSection(ProjectConfigurationPlatforms) = postSolution
		{A1DB49E3-1681-4402-8861-16EFB7C71EB0}.Debug|Win32.ActiveCfg = Debug|Win32
		{A1DB49E3-1681-4402-8861-16EFB7C71EB0}.Debug|Win32.Build.0 = Debug|Win32
		{A1DB49E3-1681-4402-8861-16EFB7C71EB0}.Release|Win32.ActiveCfg = Release|Win32
		{A1DB49E3-1681-4402-8861-16EFB7C71EB0}.Release|Win32.Build.0 = Release|Win32
		{BCD1C943-1663-4547-BD54-3021407257A3}.Debug|Win32.ActiveCfg = Debug|Win32
		{BCD1C943-1663-4547-BD54-3021407257A3}.Debug|Win32.Build.0 = Debug|Win32
		{BCD1C943-1663-4547-BD54-3021407257A3}.Release|Win32.ActiveCfg = Release|Win32
		{BCD1C943-1663-4547-BD54-3021407257A3}.Release|Win32.Build.0 = Release|Win32
		{902F4697-BDEA-4322-9412-8A5E53D2A9AB}.Debug|Win32.ActiveCfg = Debug|Win32
		{902F4697-BDEA-4322-9412-8A5E53D2A9AB}.Debug|Win32.Build.0 = Debug|Win32
		{902F4697-BDEA-4322-9412-8A5E53D2A9AB}.Release|Win32.ActiveCfg = Release|Win32
		{902F4697-BDEA-4322-9412-8A5E53D2A9AB}.Release|Win32.Build.0 = Release|Win32
		{C13D82D1-DAEA-4D09-B92F-7D58FAE0940A}.Debug|Win32.ActiveCfg = Debug|Win32
		{C13D82D1-DAEA-4D09-B92F-7D58FAE0940A}.Debug|Win32.Build.0 = Debug|Win32
		{C13D82D1-DAEA-4D09-B92F-7D58FAE0940A}.Release|Win32.ActiveCfg = Release|Win32
		{C13D82D1-DAEA-4D09-B92F-7D58FAE0940A}.Release|Win32.Build.0 = Release|Win32
		{D00DE676-6A89-4699-809C-7EFE8814DA41}.Debug|Win32.ActiveCfg = Debug|Win32
		{D00DE676-6A89-4699-809C-7EFE8814DA41}.Debug|Win32.Build.0 = Debug|Win32
		{D00DE676-6A89-4699-809C-7EFE8814DA41}.Release|Win32.ActiveCfg = Release|Win32
		{D00DE676-6A89-4699-809C-7EFE8814DA41}.Release|Win32.Build.0 = Release|Win32
		{8053F77B-8002-40C8-9E43-9D3D29DC80CC}.Debug|Win32.ActiveCfg = Debug|Win32
		{8053F77B-8002-40C8-9E43-9D3D29DC80CC}.Debug|Win32.Build.0 = Debug|Win32
		{8053F77B-8002-40C8-9E43-9D3D29DC80CC}.Release|Win32.ActiveCfg = Release|Win32
		{8053F77B-8002-40C8-9E43-9D3D29DC80CC}.Release|Win32.Build.0 = Release|Win32
		{D12CBBD9-77B0-4CC3-B75F-55DAF15A9F86}.Debug|Win32.ActiveCfg = Debug|Win32
		{D12CBBD9-77B0-4CC3-B75F-55DAF15A9F86}.Debug|Win32.Build.0 = Debug|Win32
		{D12CBBD9-77B0-4CC3-B75F-55DAF15A9F86}.Release|Win32.ActiveCfg = Release|Win32
		{D12CBBD9-77B0-4CC3-B75F-55DAF15A9F86}.Release|Win32.Build.0 = Release|Win32
		{6AC1FAE5-BA69-417D-AC3E-35BD467C704E}.Debug|Win32.ActiveCfg = Debug|Win32
		{6AC1FAE5-BA69-417D-AC3E-35BD467C704E}.Debug|Win32.Build.0 = Debug|Win32
		{6AC1FAE5-BA69-417D-AC3E-35BD467C704E}.Release|Win32.ActiveCfg = Release|Win32
		{6AC1FAE5-BA69-417D-AC3E-35BD467C704E}.Release|Win32.Build.0 = Release|Win32
		{C1CB5C13-9977-4728-BF4A-D404B0D2EC94}.Debug|Win32.ActiveCfg = Debug|Win32
		{C1CB5C13-9977-4728-BF4A-D404B0D2EC94}.Debug|Win32.Build.0 = Debug|Win32
		{C1CB5C13-9977-4728-BF4A-D404B0D2EC94}.Release|Win32.ActiveCfg = Release|Win32
		{C1CB5C13-9977-4728-BF4A-D404B0D2EC94}.Release|Win32.Build.0 = Release|Win32
		{F84C62F0-10F5-41F1-8F97-E22E3DF6A96A}.Debug|Win32.ActiveCfg = Debug|Win32
		{F84C62F0-10F5-41F1-8F97-E22E3DF6A96A}.Debug|Win32.Build.0 = Debug|Win32
		{F84C62F0-10F5-41F1-8F97-E22E3DF6A96A}.Release|Win32.ActiveCfg = Release|Win32
		{F84C62F0-10F5-41F1-8F97-E22E3DF6A96A}.Release|Win32.Build.0 = Release|Win32
		{6235D7BA-DD27-4A68-98EC-336773B613F8}.Debug|Win32.ActiveCfg = Debug|Win32
		{6235D7BA-DD27-4A68-98EC-336773B613F8}.Debug|Win32.Build.0 = Debug|Win32
		{6235D7BA-DD27-4A68-98EC-336773B613F8}.Release|Win32.ActiveCfg = Release|Win32
		{6235D7BA-DD27-4A68-98EC-336773B613F8}.Release|Win32.Build.0 = Release|Win32
		{6E0DAEB4-C3CE-49AE-8BE1-DD0DAB8A3952}.Debug|Win32.ActiveCfg = Debug|Win32
		{6E0DAEB4-C3CE-49AE-8BE1-DD0DAB8A3952}.Debug|Win32.Build.0 = Debug|Win32
		{6E0DAEB4-C3CE-49AE-8BE1-DD0DAB8A3952}.Release|Win32.ActiveCfg = Release|Win32
		{6E0DAEB4-C3CE-49AE-8BE1-DD0DAB8A3952}.Release|Win32.Build.0 = Release|Win32
		{175E1B9E-22B8-4F15-AD83-E29234327D92}.Debug|Win32.ActiveCfg = Debug|Win32
		{175E1B9E-22B8-4F15-AD83-E29234327D92}.Debug|Win32.Build.0 = Debug|Win32
		{175E1B9E-22B8-4F15-AD83-E29234327D92}.Release|Win32.ActiveCfg = Release|Win32
		{175E1B9E-22B8-4F15-AD83-E29234327D92}.Release|Win32.Build.0 = Release|Win32
		{4169FC2E-E891-493B-B2EC-B3D538B43DDB}.Debug|Win32.ActiveCfg = Debug|Win32
		{4169FC2E-E891-493B-B2EC-B3D538B43DDB}.Debug|Win32.Build.0 = Debug|Win32
		{4169FC2E-E891-493B-B2EC-B3D538B43DDB}.Release|Win32.ActiveCfg = Release|Win32
		{4169FC2E-E891-493B-B2EC-B3D538B43DDB}.Release|Win32.Build.0 = Release|Win32
		{1458C1A1-9EE4-40EF-8633-824F19DFDA99}.Debug|Win32.ActiveCfg = Debug|Win32
		{1458C1A1-9EE4-40EF-8633-824F19DFDA99}.Debug|Win32.Build.0 = Debug|Win32
		{1458C1A1-9EE4-40EF-8633-824F19DFDA99}.Release|Win32.ActiveCfg = Release|Win32
		{1458C1A1-9EE4-40EF-8633-824F19DFDA99}.Release|Win32.Build.0 = Release|Win32
	EndGlobalSection
	GlobalSection(SolutionProperties) = preSolution
		HideSolutionNode = FALSE
	EndGlobalSection
	GlobalSection(NestedProjects) = preSolution
		{BCD1C943-1663-4547-BD54-3021407257A3} = {F082FE95-B2EB-477D-9689-B5641AD9F5A0}
		{902F4697-BDEA-4322-9412-8A5E53D2A9AB} = {F082FE95-B2EB-477D-9689-B5641AD9F5A0}
		{C13D82D1-DAEA-4D09-B92F-7D58FAE0940A} = {F082FE95-B2EB-477D-9689-B5641AD9F5A0}
		{D00DE676-6A89-4699-809C-7EFE8814DA41} = {F082FE95-B2EB-477D-9689-B5641AD9F5A0}
		{8053F77B-8002-40C8-9E43-9D3D29DC80CC} = {F082FE95-B2EB-477D-9689-B5641AD9F5A0}
		{D12CBBD9-77B0-4CC3-B75F-55DAF15A9F86} = {F082FE95-B2EB-477D-9689-B5641AD9F5A0}
		{6AC1FAE5-BA69-417D-AC3E-35BD467C704E} = {F082FE95-B2EB-477D-9689-B5641AD9F5A0}
		{C1CB5C13-9977-4728-BF4A-D404B0D2EC94} = {F082FE95-B2EB-477D-9689-B5641AD9F5A0}
		{F84C62F0-10F5-41F1-8F97-E22E3DF6A96A} = {F082FE95-B2EB-477D-9689-B5641AD9F5A0}
		{6235D7BA-DD27-4A68-98EC-336773B613F8} = {F082FE95-B2EB-477D-9689-B5641AD9F5A0}
		{6E0DAEB4-C3CE-49AE-8BE1-DD0DAB8A3952} = {F082FE95-B2EB-477D-9689-B5641AD9F5A0}
		{175E1B9E-22B8-4F15-AD83-E29234327D92} = {F082FE95-B2EB-477D-9689-B5641AD9F5A0}
		{4169FC2E-E891-493B-B2EC-B3D538B43DDB} = {F082FE95-B2EB-477D-9689-B5641AD9F5A0}
		{1458C1A1-9EE4-40EF-8633-824F19DFDA99} = {61C0AAAC-8153-413F-92B5-67EDC527CED5}
	EndGlobalSection
EndGlobal
